<?xml version="1.0" encoding="UTF-8" standalone="yes" ?>
<CodeBlocks_project_file>
	<FileVersion major="1" minor="6" />
	<Project>
		<Option title="xml_event_parser" />
		<Option compiler="gcc" />
		<Build>
			<Target title="debug-win-gcc-x64">
				<Option platforms="Windows;" />
				<Option output="bin/debug-win-gcc-x64/xml_event_parser" prefix_auto="1" extension_auto="1" />
				<Option object_output="obj/debug-win-gcc-x64/" />
				<Option type="1" />
				<Option compiler="gcc" />
				<Option parameters="test.xml" />
				<Compiler>
					<Add option="-std=gnu++23" />
					<Add option="-ggdb" />
					<Add option="-Og" />
					<Add option="-g" />
					<Add option="-D_WIN32_WINNT=0x0A00" />
					<Add option="-D_UNICODE" />
					<Add option="-DUNICODE" />
				</Compiler>
				<Linker>
					<Add library="io" />
					<Add library="iconv.dll" />
					<Add directory="../../libio/bin/debug-win-gcc-static-x64" />
				</Linker>
			</Target>
			<Target title="release-win-gcc-x64">
				<Option platforms="Windows;" />
				<Option output="bin/release-win-gcc-x64/xml_event_parser" prefix_auto="1" extension_auto="1" />
				<Option object_output="obj/release-win-gcc-x64/" />
				<Option type="1" />
				<Option compiler="gcc" />
				<Option parameters="test.xml" />
				<Compiler>
					<Add option="-std=gnu++23" />
					<Add option="-flto" />
					<Add option="-Weffc++" />
					<Add option="-Wall" />
					<Add option="-DNDEBUG" />
					<Add option="-DIO_SHARED_LIB" />
					<Add option="-D_WIN32_WINNT=0x0A00" />
					<Add option="-D_UNICODE" />
					<Add option="-DUNICODE" />
				</Compiler>
				<Linker>
					<Add option="-O3" />
					<Add option="-flto" />
					<Add option="-s" />
					<Add library="io.dll" />
					<Add directory="../../libio/bin/release-win-gcc-dll-x64" />
				</Linker>
			</Target>
			<Target title="debug-win-clang-x64">
				<Option platforms="Windows;" />
				<Option output="bin/debug-win-clang-x64/xml_event_parser" prefix_auto="1" extension_auto="1" />
				<Option object_output="obj/debug-win-clang-x64/" />
				<Option type="1" />
				<Option compiler="clang" />
				<Option parameters="test.xml" />
				<Compiler>
					<Add option="-g" />
					<Add option="-std=c++20" />
					<Add option="-Og" />
					<Add option="-D_WIN32_WINNT=0x0A00" />
					<Add option="-D_UNICODE" />
					<Add option="-DUNICODE" />
				</Compiler>
				<Linker>
					<Add library="io" />
					<Add library="iconv.dll" />
					<Add directory="../../libio/bin/debug-win-clang-static-x64" />
				</Linker>
			</Target>
			<Target title="release-win-clang-x64">
				<Option platforms="Windows;" />
				<Option output="bin/release-win-clang-x64/xml_event_parser" prefix_auto="1" extension_auto="1" />
				<Option object_output="obj/release-win-clang-x64/" />
				<Option type="1" />
				<Option compiler="clang" />
				<Option parameters="test.xml" />
				<Compiler>
					<Add option="-O3" />
					<Add option="-Wall" />
					<Add option="-DNDEBUG" />
					<Add option="-DIO_SHARED_LIB" />
					<Add option="-D_WIN32_WINNT=0x0A00" />
					<Add option="-D_UNICODE" />
					<Add option="-DUNICODE" />
					<Add directory="../../libio/bin/release-win-gcc-dll-x64" />
				</Compiler>
				<Linker>
					<Add option="-s" />
					<Add library="io.dll" />
					<Add directory="../../libio/bin/release-win-clang-dll-x64" />
				</Linker>
			</Target>
			<Target title="debug-unix-gcc">
				<Option platforms="Unix;" />
				<Option output="bin/debug-unix-gcc/xml_event_parser" prefix_auto="1" extension_auto="1" />
				<Option object_output="obj/debug-unix-gcc/" />
				<Option type="1" />
				<Option compiler="gcc" />
				<Option parameters="test.xml" />
				<Compiler>
					<Add option="-std=gnu++23" />
					<Add option="-ggdb" />
					<Add option="-Og" />
					<Add option="-g" />
					<Add option="-Weffc++" />
					<Add option="`pkg-config --cflags gnutls`" />
					<Add option="-DNDEBUG" />
				</Compiler>
				<Linker>
					<Add option="-Og" />
					<Add option="-g" />
					<Add option="`pkg-config --libs gnutls`" />
					<Add library="io" />
					<Add directory="../../libio/bin/debug-unix-gcc-static" />
				</Linker>
			</Target>
		</Build>
		<Compiler>
			<Add option="-Wall" />
			<Add option="-fexceptions" />
			<Add directory="../../libio/include" />
		</Compiler>
		<Unit filename="main.cpp" />
		<Extensions>
			<lib_finder disable_auto="1" />
		</Extensions>
	</Project>
</CodeBlocks_project_file>
