<?xml version="1.0" encoding="UTF-8" standalone="yes" ?>
<CodeBlocks_project_file>
	<FileVersion major="1" minor="6" />
	<Project>
		<Option title="io" />
		<Option compiler="gcc" />
		<Build>
			<Target title="debug-win-gcc-static-x64">
				<Option platforms="Windows;" />
				<Option output="bin/debug-win-gcc-static-x64/io" prefix_auto="1" extension_auto="1" />
				<Option working_dir="" />
				<Option object_output="obj/debug-win-gcc-static-x64/" />
				<Option type="2" />
				<Option compiler="gcc" />
				<Compiler>
					<Add option="-Winit-self" />
					<Add option="-Weffc++" />
					<Add option="-pedantic" />
					<Add option="-Og" />
					<Add option="-g" />
					<Add option="-std=gnu++20" />
					<Add option="-fchar8_t" />
					<Add option="-fexceptions" />
					<Add option="-minline-stringops-dynamically" />
					<Add option="-mavx" />
					<Add option="-mavx2" />
					<Add option="-mlzcnt" />
					<Add option="-mmovbe" />
					<Add option="-D_WIN32_WINNT=0x0A00" />
					<Add option="-D_UNICODE" />
					<Add option="-DUNICODE" />
					<Add directory="include/net" />
					<Add directory="include/tls" />
					<Add directory="include/win" />
				</Compiler>
				<Linker>
					<Add library="iconv.dll" />
					<Add library="Ws2_32" />
					<Add library="gnutls.dll" />
					<Add directory="bin/debug-win-gcc-static-x64" />
				</Linker>
			</Target>
			<Target title="release-win-gcc-dll-x64">
				<Option platforms="Windows;" />
				<Option output="bin/release-win-gcc-dll-x64/io" prefix_auto="1" extension_auto="1" />
				<Option working_dir="bin/release-win-gcc-dll-x64" />
				<Option object_output="obj/release-win-gcc-dll-x64/" />
				<Option type="3" />
				<Option compiler="gcc" />
				<Option createDefFile="1" />
				<Option createStaticLib="1" />
				<Compiler>
					<Add option="-flto" />
					<Add option="-Weffc++" />
					<Add option="-pedantic" />
					<Add option="-Wall" />
					<Add option="-std=gnu++20" />
					<Add option="-fchar8_t" />
					<Add option="-fno-exceptions" />
					<Add option="-fno-rtti" />
					<Add option="-D_WIN32_WINNT=0x0A00" />
					<Add option="-DNDEBUG" />
					<Add option="-DIO_SHARED_LIB" />
					<Add option="-D_UNICODE" />
					<Add option="-DUNICODE" />
					<Add directory="include/net" />
					<Add directory="include/tls" />
					<Add directory="include/win" />
				</Compiler>
				<Linker>
					<Add option="-O3" />
					<Add option="-flto" />
					<Add option="-s" />
					<Add option="-fwhole-program" />
					<Add option="-Wl,-allow-multiple-definition" />
					<Add option="-fdeclone-ctor-dtor" />
					<Add option="-fdevirtualize-at-ltrans" />
					<Add option="-mtune=generic" />
					<Add option="-minline-stringops-dynamically" />
					<Add option="-mavx" />
					<Add option="-mavx2" />
					<Add option="-mlzcnt" />
					<Add option="-mmovbe" />
					<Add library="iconv.dll" />
					<Add library="Ws2_32" />
					<Add library="gnutls.dll" />
					<Add directory="bin/release-win-gcc-dll-x64" />
				</Linker>
			</Target>
			<Target title="debug-win-clang-static-x64">
				<Option platforms="Windows;" />
				<Option output="bin/debug-win-clang-static-x64/io" prefix_auto="1" extension_auto="1" />
				<Option working_dir="" />
				<Option object_output="obj/debug-win-clang-static-x64/" />
				<Option type="2" />
				<Option compiler="clang" />
				<Compiler>
					<Add option="-Wall" />
					<Add option="-g" />
					<Add option="-std=c++20" />
					<Add option="-D_WIN32_WINNT=0x0A00" />
					<Add option="-D_UNICODE" />
					<Add option="-DUNICODE" />
					<Add directory="include/net" />
					<Add directory="include/tls" />
					<Add directory="include/win" />
					<Add directory="src" />
				</Compiler>
				<Linker>
					<Add library="iconv.dll" />
					<Add library="Ws2_32" />
					<Add library="gnutls.dll" />
					<Add directory="bin/release-win-gcc-dll-x64" />
				</Linker>
			</Target>
			<Target title="release-win-clang-dll-x64">
				<Option platforms="Windows;" />
				<Option output="bin/release-win-clang-dll-x64/io" prefix_auto="1" extension_auto="1" />
				<Option working_dir="bin/release-win-clang-dll-x64" />
				<Option object_output="obj/release-win-clang-dll-x64/" />
				<Option type="3" />
				<Option compiler="clang" />
				<Option createStaticLib="1" />
				<Compiler>
					<Add option="-O3" />
					<Add option="-Wall" />
					<Add option="-std=c++20" />
					<Add option="-D_WIN32_WINNT=0x0A00" />
					<Add option="-DNDEBUG" />
					<Add option="-DIO_SHARED_LIB" />
					<Add option="-D_UNICODE" />
					<Add option="-DUNICODE" />
					<Add directory="include/net" />
					<Add directory="include/tls" />
					<Add directory="include/win" />
					<Add directory="src" />
				</Compiler>
				<Linker>
					<Add option="-s" />
					<Add library="iconv.dll" />
					<Add library="Ws2_32" />
					<Add library="gnutls.dll" />
					<Add directory="bin/release-win-gcc-dll-x64" />
				</Linker>
			</Target>
			<Target title="debug-unix-gcc-static-64bit">
				<Option platforms="Unix;Mac;" />
				<Option output="bin/debug-unix-gcc-x86_64/io" prefix_auto="1" extension_auto="1" />
				<Option working_dir="" />
				<Option object_output="obj/debug-unix-gcc-x86_64/" />
				<Option type="2" />
				<Option compiler="gcc" />
				<Option createDefFile="1" />
				<Compiler>
					<Add option="-Weffc++" />
					<Add option="-pedantic" />
					<Add option="-Wall" />
					<Add option="-Og" />
					<Add option="-g" />
					<Add option="-std=gnu++20" />
					<Add option="-fchar8_t" />
					<Add option="-fno-exceptions" />
					<Add option="-fno-rtti" />
					<Add option="-DNDEBUG" />
					<Add option="-DIO_SHARED_LIB" />
					<Add option="-DIO_TLS_PROVIDER_GNUTLS" />
					<Add directory="include" />
					<Add directory="include/posix" />
					<Add directory="include/net" />
					<Add directory="include/tls" />
				</Compiler>
				<Linker>
					<Add option="-fwhole-program" />
					<Add option="-fdeclone-ctor-dtor" />
					<Add option="-fdevirtualize-at-ltrans" />
					<Add option="-Wl,-allow-multiple-definition" />
					<Add option="-mtune=generic" />
					<Add option="-minline-stringops-dynamically" />
					<Add option="-mavx" />
					<Add option="-mavx2" />
					<Add option="-mlzcnt" />
					<Add option="-mmovbe" />
					<Add library="iconv.dll" />
					<Add library="Ws2_32" />
					<Add library="gnutls.dll" />
					<Add directory="$(#msys2.lib)" />
				</Linker>
			</Target>
		</Build>
		<Compiler>
			<Add option="-Wall" />
			<Add option="-DIO_BUILD" />
			<Add directory="include" />
		</Compiler>
		<Unit filename="CMakeLists.txt">
			<Option target="&lt;{~None~}&gt;" />
		</Unit>
		<Unit filename="include/buffer.hpp" />
		<Unit filename="include/channels.hpp" />
		<Unit filename="include/char_cast.hpp" />
		<Unit filename="include/charsetcvt.hpp" />
		<Unit filename="include/charsetdetector.hpp" />
		<Unit filename="include/charsets.hpp" />
		<Unit filename="include/config.hpp" />
		<Unit filename="include/config/compiler/clang.hpp">
			<Option target="release-win-clang-dll-x64" />
			<Option target="debug-win-clang-static-x64" />
		</Unit>
		<Unit filename="include/config/compiler/gcc.hpp" />
		<Unit filename="include/config/libs/exceptions.hpp" />
		<Unit filename="include/config/libs/h_allocator.hpp" />
		<Unit filename="include/config/libs/intrusive_ptr.hpp" />
		<Unit filename="include/console.hpp" />
		<Unit filename="include/conststring.hpp" />
		<Unit filename="include/errorcheck.hpp" />
		<Unit filename="include/files.hpp" />
		<Unit filename="include/hashing.hpp" />
		<Unit filename="include/memory_channel.hpp" />
		<Unit filename="include/net/http_client.hpp" />
		<Unit filename="include/net/http_error.hpp" />
		<Unit filename="include/net/security.hpp" />
		<Unit filename="include/net/uri.hpp" />
		<Unit filename="include/network.hpp" />
		<Unit filename="include/object.hpp" />
		<Unit filename="include/posix/console.hpp">
			<Option target="debug-unix-gcc-static-64bit" />
		</Unit>
		<Unit filename="include/posix/criticalsection.hpp">
			<Option target="debug-unix-gcc-static-64bit" />
		</Unit>
		<Unit filename="include/posix/errorcheck.hpp">
			<Option target="debug-unix-gcc-static-64bit" />
		</Unit>
		<Unit filename="include/posix/files.hpp">
			<Option target="debug-unix-gcc-static-64bit" />
		</Unit>
		<Unit filename="include/posix/io_context.hpp">
			<Option target="debug-unix-gcc-static-64bit" />
		</Unit>
		<Unit filename="include/posix/memory_traits.hpp">
			<Option target="debug-unix-gcc-static-64bit" />
		</Unit>
		<Unit filename="include/posix/posixconf.hpp">
			<Option target="debug-unix-gcc-static-64bit" />
		</Unit>
		<Unit filename="include/posix/rwlock.hpp">
			<Option target="debug-unix-gcc-static-64bit" />
		</Unit>
		<Unit filename="include/posix/sockets.hpp">
			<Option target="debug-unix-gcc-static-64bit" />
		</Unit>
		<Unit filename="include/posix/synch_socket_channel.hpp">
			<Option target="debug-unix-gcc-static-64bit" />
		</Unit>
		<Unit filename="include/posix/thread_pool.hpp">
			<Option target="debug-unix-gcc-static-64bit" />
		</Unit>
		<Unit filename="include/scoped_array.hpp" />
		<Unit filename="include/stream.hpp" />
		<Unit filename="include/string_algs.hpp" />
		<Unit filename="include/stringpool.hpp" />
		<Unit filename="include/text.hpp" />
		<Unit filename="include/threading.hpp" />
		<Unit filename="include/tls/blocking_channel.hpp" />
		<Unit filename="include/tls/credentials.hpp" />
		<Unit filename="include/tls/security_context.hpp" />
		<Unit filename="include/tls/session.hpp" />
		<Unit filename="include/tls/tls_error.hpp" />
		<Unit filename="include/tls/transport.hpp" />
		<Unit filename="include/tuple_meta_reflect.hpp" />
		<Unit filename="include/type_traits_ext.hpp" />
		<Unit filename="include/unicode_bom.hpp" />
		<Unit filename="include/win/asynch_socket_channel.hpp">
			<Option target="debug-win-gcc-static-x64" />
			<Option target="release-win-gcc-dll-x64" />
			<Option target="release-win-clang-dll-x64" />
			<Option target="debug-win-clang-static-x64" />
		</Unit>
		<Unit filename="include/win/console.hpp">
			<Option target="debug-win-gcc-static-x64" />
			<Option target="release-win-gcc-dll-x64" />
			<Option target="release-win-clang-dll-x64" />
			<Option target="debug-win-clang-static-x64" />
		</Unit>
		<Unit filename="include/win/criticalsection.hpp">
			<Option target="debug-win-gcc-static-x64" />
			<Option target="release-win-gcc-dll-x64" />
			<Option target="release-win-clang-dll-x64" />
			<Option target="debug-win-clang-static-x64" />
		</Unit>
		<Unit filename="include/win/errorcheck.hpp">
			<Option target="debug-win-gcc-static-x64" />
			<Option target="release-win-gcc-dll-x64" />
			<Option target="release-win-clang-dll-x64" />
			<Option target="debug-win-clang-static-x64" />
		</Unit>
		<Unit filename="include/win/files.hpp">
			<Option target="debug-win-gcc-static-x64" />
			<Option target="release-win-gcc-dll-x64" />
			<Option target="release-win-clang-dll-x64" />
			<Option target="debug-win-clang-static-x64" />
		</Unit>
		<Unit filename="include/win/handlechannel.hpp">
			<Option target="debug-win-gcc-static-x64" />
			<Option target="release-win-gcc-dll-x64" />
			<Option target="release-win-clang-dll-x64" />
			<Option target="debug-win-clang-static-x64" />
		</Unit>
		<Unit filename="include/win/io_context.hpp">
			<Option target="debug-win-gcc-static-x64" />
			<Option target="release-win-gcc-dll-x64" />
			<Option target="release-win-clang-dll-x64" />
			<Option target="debug-win-clang-static-x64" />
		</Unit>
		<Unit filename="include/win/memory_traits.hpp">
			<Option target="debug-win-gcc-static-x64" />
			<Option target="release-win-gcc-dll-x64" />
			<Option target="release-win-clang-dll-x64" />
			<Option target="debug-win-clang-static-x64" />
		</Unit>
		<Unit filename="include/win/sockets.hpp">
			<Option target="debug-win-gcc-static-x64" />
			<Option target="release-win-gcc-dll-x64" />
			<Option target="release-win-clang-dll-x64" />
			<Option target="debug-win-clang-static-x64" />
		</Unit>
		<Unit filename="include/win/srw_lock.hpp">
			<Option target="debug-win-gcc-static-x64" />
			<Option target="release-win-gcc-dll-x64" />
			<Option target="release-win-clang-dll-x64" />
			<Option target="debug-win-clang-static-x64" />
		</Unit>
		<Unit filename="include/win/synch_socket_channel.hpp">
			<Option target="debug-win-gcc-static-x64" />
			<Option target="release-win-gcc-dll-x64" />
			<Option target="release-win-clang-dll-x64" />
			<Option target="debug-win-clang-static-x64" />
		</Unit>
		<Unit filename="include/win/thread_pool.hpp">
			<Option target="debug-win-gcc-static-x64" />
			<Option target="release-win-gcc-dll-x64" />
			<Option target="release-win-clang-dll-x64" />
			<Option target="debug-win-clang-static-x64" />
		</Unit>
		<Unit filename="include/win/win_asynch_channel.hpp">
			<Option target="debug-win-gcc-static-x64" />
			<Option target="release-win-gcc-dll-x64" />
			<Option target="release-win-clang-dll-x64" />
			<Option target="debug-win-clang-static-x64" />
		</Unit>
		<Unit filename="include/win/winconf.hpp">
			<Option target="debug-win-gcc-static-x64" />
			<Option target="release-win-gcc-dll-x64" />
			<Option target="release-win-clang-dll-x64" />
			<Option target="debug-win-clang-static-x64" />
		</Unit>
		<Unit filename="include/win/wsaerror.hpp">
			<Option target="debug-win-gcc-static-x64" />
			<Option target="release-win-gcc-dll-x64" />
			<Option target="release-win-clang-dll-x64" />
			<Option target="debug-win-clang-static-x64" />
		</Unit>
		<Unit filename="include/xml_binding.hpp" />
		<Unit filename="include/xml_error.hpp" />
		<Unit filename="include/xml_event.hpp" />
		<Unit filename="include/xml_event_writer.hpp" />
		<Unit filename="include/xml_parse.hpp" />
		<Unit filename="include/xml_reader.hpp" />
		<Unit filename="include/xml_source.hpp" />
		<Unit filename="include/xml_types.hpp" />
		<Unit filename="src/buffer.cpp" />
		<Unit filename="src/channels.cpp" />
		<Unit filename="src/char_cast.cpp" />
		<Unit filename="src/charsetcvt.cpp" />
		<Unit filename="src/charsetdetector.cpp" />
		<Unit filename="src/charsets.cpp" />
		<Unit filename="src/conststring.cpp" />
		<Unit filename="src/hashing.cpp" />
		<Unit filename="src/memory_channel.cpp" />
		<Unit filename="src/net/http_client.cpp" />
		<Unit filename="src/net/http_error.cpp" />
		<Unit filename="src/net/uri.cpp" />
		<Unit filename="src/posix/console.cpp">
			<Option target="debug-unix-gcc-static-64bit" />
		</Unit>
		<Unit filename="src/posix/errorcheck.cpp">
			<Option target="debug-unix-gcc-static-64bit" />
		</Unit>
		<Unit filename="src/posix/files.cpp">
			<Option target="debug-unix-gcc-static-64bit" />
		</Unit>
		<Unit filename="src/posix/io_context.cpp">
			<Option target="debug-unix-gcc-static-64bit" />
		</Unit>
		<Unit filename="src/posix/sockets.cpp">
			<Option target="debug-unix-gcc-static-64bit" />
		</Unit>
		<Unit filename="src/posix/synch_socket_channel.cpp">
			<Option target="debug-unix-gcc-static-64bit" />
		</Unit>
		<Unit filename="src/posix/thread_pool.cpp">
			<Option target="debug-unix-gcc-static-64bit" />
		</Unit>
		<Unit filename="src/shared_library.cpp" />
		<Unit filename="src/stdafx.cpp">
			<Option link="0" />
			<Option weight="1" />
			<Option target="debug-win-gcc-static-x64" />
			<Option target="debug-unix-gcc-static-64bit" />
		</Unit>
		<Unit filename="src/stdafx.hpp">
			<Option compile="1" />
			<Option weight="0" />
		</Unit>
		<Unit filename="src/stringpool.cpp" />
		<Unit filename="src/tls/blocking_channel.cpp" />
		<Unit filename="src/tls/credentials.cpp" />
		<Unit filename="src/tls/security_context.cpp" />
		<Unit filename="src/tls/session.cpp" />
		<Unit filename="src/tls/tls_error.cpp" />
		<Unit filename="src/tls/transport.cpp" />
		<Unit filename="src/unicode_bom.cpp" />
		<Unit filename="src/win/asynch_socket_channel.cpp">
			<Option target="debug-win-gcc-static-x64" />
			<Option target="release-win-gcc-dll-x64" />
			<Option target="release-win-clang-dll-x64" />
			<Option target="debug-win-clang-static-x64" />
		</Unit>
		<Unit filename="src/win/console.cpp">
			<Option target="debug-win-gcc-static-x64" />
			<Option target="release-win-gcc-dll-x64" />
			<Option target="release-win-clang-dll-x64" />
			<Option target="debug-win-clang-static-x64" />
		</Unit>
		<Unit filename="src/win/errorcheck.cpp">
			<Option target="debug-win-gcc-static-x64" />
			<Option target="release-win-gcc-dll-x64" />
			<Option target="release-win-clang-dll-x64" />
			<Option target="debug-win-clang-static-x64" />
		</Unit>
		<Unit filename="src/win/files.cpp">
			<Option target="debug-win-gcc-static-x64" />
			<Option target="release-win-gcc-dll-x64" />
			<Option target="release-win-clang-dll-x64" />
			<Option target="debug-win-clang-static-x64" />
		</Unit>
		<Unit filename="src/win/io_context.cpp">
			<Option target="debug-win-gcc-static-x64" />
			<Option target="release-win-gcc-dll-x64" />
			<Option target="release-win-clang-dll-x64" />
			<Option target="debug-win-clang-static-x64" />
		</Unit>
		<Unit filename="src/win/memory_traits.cpp">
			<Option target="debug-win-gcc-static-x64" />
			<Option target="release-win-gcc-dll-x64" />
			<Option target="release-win-clang-dll-x64" />
			<Option target="debug-win-clang-static-x64" />
		</Unit>
		<Unit filename="src/win/sockets.cpp">
			<Option target="debug-win-gcc-static-x64" />
			<Option target="release-win-gcc-dll-x64" />
			<Option target="release-win-clang-dll-x64" />
			<Option target="debug-win-clang-static-x64" />
		</Unit>
		<Unit filename="src/win/synch_socket_channel.cpp">
			<Option target="debug-win-gcc-static-x64" />
			<Option target="release-win-gcc-dll-x64" />
			<Option target="release-win-clang-dll-x64" />
			<Option target="debug-win-clang-static-x64" />
		</Unit>
		<Unit filename="src/win/thread_pool.cpp">
			<Option target="debug-win-gcc-static-x64" />
			<Option target="release-win-gcc-dll-x64" />
			<Option target="release-win-clang-dll-x64" />
			<Option target="debug-win-clang-static-x64" />
		</Unit>
		<Unit filename="src/win/wsaerror.cpp">
			<Option target="debug-win-gcc-static-x64" />
			<Option target="release-win-gcc-dll-x64" />
			<Option target="release-win-clang-dll-x64" />
			<Option target="debug-win-clang-static-x64" />
		</Unit>
		<Unit filename="src/xml_error.cpp" />
		<Unit filename="src/xml_event.cpp" />
		<Unit filename="src/xml_event_writer.cpp" />
		<Unit filename="src/xml_parse.cpp" />
		<Unit filename="src/xml_reader.cpp" />
		<Unit filename="src/xml_source.cpp" />
		<Extensions>
			<DoxyBlocks>
				<comment_style block="1" line="0" />
				<doxyfile_project />
				<doxyfile_build />
				<doxyfile_warnings />
				<doxyfile_output />
				<doxyfile_dot />
				<general />
			</DoxyBlocks>
			<lib_finder disable_auto="1" />
		</Extensions>
	</Project>
</CodeBlocks_project_file>
