<?xml version="1.0" encoding="UTF-8" standalone="yes" ?>
<CodeBlocks_project_file>
	<FileVersion major="1" minor="6" />
	<Project>
		<Option title="collada" />
		<Option pch_mode="2" />
		<Option compiler="gcc" />
		<Build>
			<Target title="debug-gcc-win64">
				<Option output="bin/debug-gcc-win64/collada" prefix_auto="1" extension_auto="1" />
				<Option object_output="obj/debug-gcc-win64/" />
				<Option type="1" />
				<Option compiler="gcc" />
				<Compiler>
					<Add option="-pg" />
					<Add option="-Og" />
					<Add option="-g" />
					<Add option="-D_WIN32_WINNT=0x0600" />
					<Add directory="include" />
				</Compiler>
				<Linker>
					<Add option="-pg -lgmon" />
					<Add library="glfw3.dll" />
					<Add library="glew32" />
					<Add library="opengl32" />
					<Add directory="../../bin/debug-win-gcc-static-x64" />
				</Linker>
			</Target>
			<Target title="release-gcc-win64">
				<Option output="bin/release-gcc-win64/collada" prefix_auto="1" extension_auto="1" />
				<Option object_output="obj/release-gcc-win64/" />
				<Option type="0" />
				<Option compiler="gcc" />
				<Compiler>
					<Add option="-O3" />
					<Add option="-D_WIN32_WINNT=0x0600" />
					<Add option="-DIO_SHARED_LIB" />
					<Add directory="include" />
				</Compiler>
				<Linker>
					<Add option="-s" />
					<Add library="glfw3.dll" />
					<Add library="glew32" />
					<Add library="opengl32" />
					<Add directory="../../bin/release-win-gcc-dll-x64" />
				</Linker>
			</Target>
		</Build>
		<Compiler>
			<Add option="-Wall" />
			<Add option="-std=c++14" />
			<Add directory="include" />
			<Add directory="../../include" />
		</Compiler>
		<Linker>
			<Add library="io" />
		</Linker>
		<Unit filename="include/model.hpp" />
		<Unit filename="include/openglload.hpp" />
		<Unit filename="include/scene.hpp" />
		<Unit filename="include/shader.hpp" />
		<Unit filename="include/vbo.hpp" />
		<Unit filename="include/view.hpp" />
		<Unit filename="src/main.cpp" />
		<Unit filename="src/model.cpp" />
		<Unit filename="src/scene.cpp" />
		<Unit filename="src/shader.cpp" />
		<Unit filename="src/vbo.cpp" />
		<Unit filename="src/view.cpp" />
		<Extensions>
			<code_completion />
			<envvars />
			<debugger />
			<lib_finder disable_auto="1" />
		</Extensions>
	</Project>
</CodeBlocks_project_file>
