<?xml version="1.0" encoding="UTF-8" standalone="yes" ?>
<CodeBlocks_project_file>
	<FileVersion major="1" minor="6" />
	<Project>
		<Option title="xml_read" />
		<Option pch_mode="2" />
		<Option compiler="gcc" />
		<Build>
			<Target title="debug-gcc-win64">
				<Option platforms="Windows;" />
				<Option output="bin/debug-gcc-win64/xml_read" prefix_auto="1" extension_auto="1" />
				<Option object_output="obj/debug-gcc-win64/" />
				<Option type="1" />
				<Option compiler="gcc" />
				<Compiler>
					<Add option="-std=c++11" />
					<Add option="-pg" />
					<Add option="-g" />
					<Add option="-Og" />
				</Compiler>
				<Linker>
					<Add option="-pg" />
					<Add option="-pg -lgmon" />
					<Add library="iconv" />
					<Add directory="../../bin/debug-win-gcc-static-x64" />
				</Linker>
			</Target>
			<Target title="release-gcc-win64">
				<Option platforms="Windows;" />
				<Option output="bin/release-win64/xml_read" prefix_auto="1" extension_auto="1" />
				<Option object_output="obj/release-gcc-win64/" />
				<Option type="1" />
				<Option compiler="gcc" />
				<Compiler>
					<Add option="-O2" />
					<Add option="-DIO_SHARED_LIB" />
				</Compiler>
				<Linker>
					<Add option="-s" />
					<Add directory="../../bin/release-win-gcc-dll-x64" />
				</Linker>
			</Target>
			<Target title="debug-gcc-unix-x64">
				<Option platforms="Unix;Mac;" />
				<Option output="bin/debug-gcc-unix-x64/xml_read" prefix_auto="1" extension_auto="1" />
				<Option object_output="obj/debug-gcc-win64/" />
				<Option type="1" />
				<Option compiler="gcc" />
				<Compiler>
					<Add option="-std=c++11" />
					<Add option="-pg" />
					<Add option="-g" />
					<Add option="-Og" />
				</Compiler>
				<Linker>
					<Add option="-pg" />
					<Add library="pthread" />
					<Add directory="../../bin/debug-unix-gcc-so-x64" />
				</Linker>
			</Target>
		</Build>
		<Compiler>
			<Add option="-Wall" />
			<Add option="-fexceptions" />
			<Add directory="../../include" />
		</Compiler>
		<Linker>
			<Add library="io" />
		</Linker>
		<Unit filename="main.cpp" />
		<Extensions>
			<code_completion />
			<envvars />
			<debugger />
		</Extensions>
	</Project>
</CodeBlocks_project_file>
