<?xml version="1.0" encoding="UTF-8" standalone="yes" ?>
<CodeBlocks_project_file>
	<FileVersion major="1" minor="6" />
	<Project>
		<Option title="io" />
		<Option compiler="gcc" />
		<Build>
			<Target title="debug-win-gcc-static-x64">
				<Option platforms="Windows;" />
				<Option output="bin/debug-win-gcc-static-x64/io" prefix_auto="1" extension_auto="1" />
				<Option working_dir="" />
				<Option object_output="obj/debug-win-gcc-static-x64/" />
				<Option type="2" />
				<Option compiler="gcc" />
				<Compiler>
					<Add option="-Winit-self" />
					<Add option="-Weffc++" />
					<Add option="-pedantic" />
					<Add option="-Og" />
					<Add option="-g" />
					<Add option="-std=gnu++23" />
					<Add option="-ggdb" />
					<Add option="-fchar8_t" />
					<Add option="-fexceptions" />
					<Add option="-minline-stringops-dynamically" />
					<Add option="-mavx" />
					<Add option="-mavx2" />
					<Add option="-mlzcnt" />
					<Add option="-mmovbe" />
					<Add option="-D_WIN32_WINNT=0x0A00" />
					<Add option="-D_UNICODE" />
					<Add option="-DUNICODE" />
				</Compiler>
				<Linker>
					<Add library="Ws2_32" />
					<Add library="iconv.dll" />
					<Add library="gnutls.dll" />
				</Linker>
			</Target>
			<Target title="release-win-gcc-dll-x64">
				<Option platforms="Windows;" />
				<Option output="bin/release-win-gcc-dll-x64/io" imp_lib="$(TARGET_OUTPUT_DIR)$(TARGET_OUTPUT_BASENAME).dll" def_file="$(TARGET_OUTPUT_DIR)$(TARGET_OUTPUT_FILE).dll" prefix_auto="1" extension_auto="1" />
				<Option working_dir="bin/release-win-gcc-dll-x64" />
				<Option object_output="obj/release-win-gcc-dll-x64/" />
				<Option type="3" />
				<Option compiler="gcc" />
				<Option createDefFile="1" />
				<Option createStaticLib="1" />
				<Compiler>
					<Add option="-flto" />
					<Add option="-Weffc++" />
					<Add option="-pedantic" />
					<Add option="-Wall" />
					<Add option="-std=gnu++23" />
					<Add option="-fchar8_t" />
					<Add option="-fno-exceptions" />
					<Add option="-fno-rtti" />
					<Add option="-D_WIN32_WINNT=0x0A00" />
					<Add option="-DNDEBUG" />
					<Add option="-DIO_SHARED_LIB" />
					<Add option="-D_UNICODE" />
					<Add option="-DUNICODE" />
				</Compiler>
				<Linker>
					<Add option="-O3" />
					<Add option="-flto" />
					<Add option="-s" />
					<Add option="-fwhole-program" />
					<Add option="-Wl,-allow-multiple-definition" />
					<Add option="-fdeclone-ctor-dtor" />
					<Add option="-fdevirtualize-at-ltrans" />
					<Add option="-mtune=generic" />
					<Add option="-minline-stringops-dynamically" />
					<Add option="-mavx" />
					<Add option="-mavx2" />
					<Add option="-mlzcnt" />
					<Add option="-mmovbe" />
					<Add library="iconv.dll" />
					<Add library="gnutls.dll" />
					<Add library="Ws2_32" />
				</Linker>
			</Target>
			<Target title="debug-win-clang-static-x64">
				<Option platforms="Windows;" />
				<Option output="bin/debug-win-clang-static-x64/io" prefix_auto="1" extension_auto="1" />
				<Option working_dir="" />
				<Option object_output="obj/debug-win-clang-static-x64/" />
				<Option type="2" />
				<Option compiler="clang" />
				<Compiler>
					<Add option="-Wall" />
					<Add option="-g" />
					<Add option="-std=c++20" />
					<Add option="-D_WIN32_WINNT=0x0A00" />
					<Add option="-D_UNICODE" />
					<Add option="-DUNICODE" />
				</Compiler>
				<Linker>
					<Add library="iconv.dll" />
					<Add library="Ws2_32" />
					<Add library="gnutls.dll" />
				</Linker>
			</Target>
			<Target title="release-win-clang-dll-x64">
				<Option platforms="Windows;" />
				<Option output="bin/release-win-clang-dll-x64/io" imp_lib="$(TARGET_OUTPUT_DIR)$(TARGET_OUTPUT_BASENAME).dll" def_file="$(TARGET_OUTPUT_DIR)$(TARGET_OUTPUT_BASENAME).dll" prefix_auto="1" extension_auto="1" />
				<Option working_dir="bin/release-win-clang-dll-x64" />
				<Option object_output="obj/release-win-clang-dll-x64/" />
				<Option type="3" />
				<Option compiler="clang" />
				<Option createDefFile="1" />
				<Option createStaticLib="1" />
				<Compiler>
					<Add option="-O3" />
					<Add option="-Wall" />
					<Add option="-std=c++20" />
					<Add option="-fchar8_t" />
					<Add option="-fno-exceptions" />
					<Add option="-fno-rtti" />
					<Add option="-D_WIN32_WINNT=0x0A00" />
					<Add option="-DNDEBUG" />
					<Add option="-DIO_SHARED_LIB" />
					<Add option="-D_UNICODE" />
					<Add option="-DUNICODE" />
				</Compiler>
				<Linker>
					<Add option="-s" />
					<Add library="iconv.dll" />
					<Add library="Ws2_32" />
					<Add library="gnutls.dll" />
				</Linker>
			</Target>
			<Target title="debug-unix-gcc-static">
				<Option platforms="Unix;" />
				<Option output="bin/debug-unix-gcc-static/io" prefix_auto="1" extension_auto="1" />
				<Option working_dir="" />
				<Option object_output="obj/debug-unix-gcc/" />
				<Option type="2" />
				<Option compiler="gcc" />
				<Option createDefFile="1" />
				<Compiler>
					<Add option="-O3" />
					<Add option="-Wall" />
					<Add option="-std=c++20" />
					<Add option="-fchar8_t" />
					<Add option="-fno-exceptions" />
					<Add option="-fno-rtti" />
					<Add option="-D_WIN32_WINNT=0x0A00" />
					<Add option="-DNDEBUG" />
					<Add option="-DIO_SHARED_LIB" />
					<Add option="-D_UNICODE" />
					<Add option="-DUNICODE" />
				</Compiler>
				<Linker>
					<Add option="-s" />
					<Add library="iconv.dll" />
					<Add library="Ws2_32" />
					<Add library="gnutls.dll" />
					<Add library="iconv.dll" />
					<Add library="Ws2_32" />
					<Add library="gnutls.dll" />
				</Linker>
			</Target>
		</Build>
		<Compiler>
			<Add option="-Wall" />
			<Add option="-DIO_BUILD" />
			<Add directory="include" />
			<Add directory="src" />
		</Compiler>
		<Unit filename="include/io/config/compiler/clang.hpp">
			<Option target="release-win-clang-dll-x64" />
			<Option target="debug-win-clang-static-x64" />
		</Unit>
		<Unit filename="include/io/config/compiler/gcc.hpp">
			<Option target="debug-win-gcc-static-x64" />
			<Option target="release-win-gcc-dll-x64" />
			<Option target="debug-unix-gcc-static" />
		</Unit>
		<Unit filename="include/io/config/libs/exceptions.hpp" />
		<Unit filename="include/io/config/libs/h_allocator.hpp" />
		<Unit filename="include/io/config/libs/intrusive_ptr.hpp" />
		<Unit filename="include/io/core/buffer.hpp" />
		<Unit filename="include/io/core/channels.hpp" />
		<Unit filename="include/io/core/char_cast.hpp" />
		<Unit filename="include/io/core/console.hpp" />
		<Unit filename="include/io/core/conststring.hpp" />
		<Unit filename="include/io/core/files.hpp" />
		<Unit filename="include/io/core/hashing.hpp" />
		<Unit filename="include/io/core/memory_channel.hpp" />
		<Unit filename="include/io/core/object.hpp" />
		<Unit filename="include/io/core/posix/console.hpp">
			<Option target="debug-unix-gcc-static" />
		</Unit>
		<Unit filename="include/io/core/posix/criticalsection.hpp">
			<Option target="debug-unix-gcc-static" />
		</Unit>
		<Unit filename="include/io/core/posix/errorcheck.hpp">
			<Option target="debug-unix-gcc-static" />
		</Unit>
		<Unit filename="include/io/core/posix/files.hpp">
			<Option target="debug-unix-gcc-static" />
		</Unit>
		<Unit filename="include/io/core/posix/io_context.hpp">
			<Option target="debug-unix-gcc-static" />
		</Unit>
		<Unit filename="include/io/core/posix/memory_traits.hpp">
			<Option target="debug-unix-gcc-static" />
		</Unit>
		<Unit filename="include/io/core/posix/posixconf.hpp">
			<Option target="debug-unix-gcc-static" />
		</Unit>
		<Unit filename="include/io/core/posix/rwlock.hpp">
			<Option target="debug-unix-gcc-static" />
		</Unit>
		<Unit filename="include/io/core/posix/sockets.hpp">
			<Option target="debug-unix-gcc-static" />
		</Unit>
		<Unit filename="include/io/core/posix/synch_socket_channel.hpp">
			<Option target="debug-unix-gcc-static" />
		</Unit>
		<Unit filename="include/io/core/scoped_array.hpp" />
		<Unit filename="include/io/core/string_algs.hpp" />
		<Unit filename="include/io/core/win/asynch_socket_channel.hpp">
			<Option target="debug-win-gcc-static-x64" />
			<Option target="release-win-gcc-dll-x64" />
			<Option target="debug-win-clang-static-x64" />
			<Option target="release-win-clang-dll-x64" />
		</Unit>
		<Unit filename="include/io/core/win/console.hpp">
			<Option target="debug-win-gcc-static-x64" />
			<Option target="release-win-gcc-dll-x64" />
			<Option target="debug-win-clang-static-x64" />
			<Option target="release-win-clang-dll-x64" />
		</Unit>
		<Unit filename="include/io/core/win/criticalsection.hpp">
			<Option target="debug-win-gcc-static-x64" />
			<Option target="release-win-gcc-dll-x64" />
			<Option target="debug-win-clang-static-x64" />
			<Option target="release-win-clang-dll-x64" />
		</Unit>
		<Unit filename="include/io/core/win/errorcheck.hpp">
			<Option target="debug-win-gcc-static-x64" />
			<Option target="release-win-gcc-dll-x64" />
			<Option target="debug-win-clang-static-x64" />
			<Option target="release-win-clang-dll-x64" />
		</Unit>
		<Unit filename="include/io/core/win/files.hpp">
			<Option target="debug-win-gcc-static-x64" />
			<Option target="release-win-gcc-dll-x64" />
			<Option target="debug-win-clang-static-x64" />
			<Option target="release-win-clang-dll-x64" />
		</Unit>
		<Unit filename="include/io/core/win/handlechannel.hpp">
			<Option target="debug-win-gcc-static-x64" />
			<Option target="release-win-gcc-dll-x64" />
			<Option target="debug-win-clang-static-x64" />
			<Option target="release-win-clang-dll-x64" />
		</Unit>
		<Unit filename="include/io/core/win/memory_traits.hpp">
			<Option target="debug-win-gcc-static-x64" />
			<Option target="release-win-gcc-dll-x64" />
			<Option target="debug-win-clang-static-x64" />
			<Option target="release-win-clang-dll-x64" />
		</Unit>
		<Unit filename="include/io/core/win/secure_socket.hpp">
			<Option target="debug-win-gcc-static-x64" />
			<Option target="release-win-gcc-dll-x64" />
			<Option target="debug-win-clang-static-x64" />
			<Option target="release-win-clang-dll-x64" />
		</Unit>
		<Unit filename="include/io/core/win/srw_lock.hpp">
			<Option target="debug-win-gcc-static-x64" />
			<Option target="release-win-gcc-dll-x64" />
			<Option target="debug-win-clang-static-x64" />
			<Option target="release-win-clang-dll-x64" />
		</Unit>
		<Unit filename="include/io/core/win/synch_socket_channel.hpp">
			<Option target="debug-win-gcc-static-x64" />
			<Option target="release-win-gcc-dll-x64" />
			<Option target="debug-win-clang-static-x64" />
			<Option target="release-win-clang-dll-x64" />
		</Unit>
		<Unit filename="include/io/core/win/thread_pool.hpp">
			<Option target="debug-win-gcc-static-x64" />
			<Option target="release-win-gcc-dll-x64" />
			<Option target="debug-win-clang-static-x64" />
			<Option target="release-win-clang-dll-x64" />
		</Unit>
		<Unit filename="include/io/io/config/libio_config.hpp" />
		<Unit filename="include/io/net/context.hpp" />
		<Unit filename="include/io/net/http_client.hpp" />
		<Unit filename="include/io/net/http_error.hpp" />
		<Unit filename="include/io/net/posix/io_context.hpp" />
		<Unit filename="include/io/net/posix/sockets.hpp" />
		<Unit filename="include/io/net/posix/synch_socket_channel.hpp" />
		<Unit filename="include/io/net/security.hpp" />
		<Unit filename="include/io/net/uri.hpp" />
		<Unit filename="include/io/net/win/asynch_socket_channel.hpp">
			<Option target="debug-win-gcc-static-x64" />
			<Option target="release-win-gcc-dll-x64" />
			<Option target="debug-win-clang-static-x64" />
			<Option target="release-win-clang-dll-x64" />
		</Unit>
		<Unit filename="include/io/net/win/io_context.hpp">
			<Option target="debug-win-gcc-static-x64" />
			<Option target="release-win-gcc-dll-x64" />
			<Option target="debug-win-clang-static-x64" />
			<Option target="release-win-clang-dll-x64" />
		</Unit>
		<Unit filename="include/io/net/win/sockets.hpp">
			<Option target="debug-win-gcc-static-x64" />
			<Option target="release-win-gcc-dll-x64" />
			<Option target="debug-win-clang-static-x64" />
			<Option target="release-win-clang-dll-x64" />
		</Unit>
		<Unit filename="include/io/net/win/synch_socket_channel.hpp">
			<Option target="debug-win-gcc-static-x64" />
			<Option target="release-win-gcc-dll-x64" />
			<Option target="debug-win-clang-static-x64" />
			<Option target="release-win-clang-dll-x64" />
		</Unit>
		<Unit filename="include/io/net/win/win_asynch_channel.hpp">
			<Option target="debug-win-gcc-static-x64" />
			<Option target="release-win-gcc-dll-x64" />
			<Option target="debug-win-clang-static-x64" />
			<Option target="release-win-clang-dll-x64" />
		</Unit>
		<Unit filename="include/io/net/win/wsaerror.hpp">
			<Option target="debug-win-gcc-static-x64" />
			<Option target="release-win-gcc-dll-x64" />
			<Option target="debug-win-clang-static-x64" />
			<Option target="release-win-clang-dll-x64" />
		</Unit>
		<Unit filename="include/io/textapi/charset_converter.hpp" />
		<Unit filename="include/io/textapi/charset_detector.hpp" />
		<Unit filename="include/io/textapi/charsets.hpp" />
		<Unit filename="include/io/textapi/nio.hpp" />
		<Unit filename="include/io/textapi/stream.hpp" />
		<Unit filename="include/io/textapi/unicode.hpp" />
		<Unit filename="include/io/tls/asynch_channel.hpp" />
		<Unit filename="include/io/tls/blocking_channel.hpp" />
		<Unit filename="include/io/tls/credentials.hpp" />
		<Unit filename="include/io/tls/security_context.hpp" />
		<Unit filename="include/io/tls/session.hpp" />
		<Unit filename="include/io/tls/tls_error.hpp" />
		<Unit filename="include/io/tls/transport.hpp" />
		<Unit filename="include/io/xml/binding.hpp" />
		<Unit filename="include/io/xml/event.hpp" />
		<Unit filename="include/io/xml/event_stream_parser.hpp" />
		<Unit filename="include/io/xml/event_writer.hpp" />
		<Unit filename="include/io/xml/reader.hpp" />
		<Unit filename="include/io/xml/source.hpp" />
		<Unit filename="include/io/xml/types.hpp" />
		<Unit filename="include/io/xml/xml_error.hpp" />
		<Unit filename="src/core/buffer.cpp" />
		<Unit filename="src/core/channels.cpp" />
		<Unit filename="src/core/char_cast.cpp" />
		<Unit filename="src/core/conststring.cpp" />
		<Unit filename="src/core/hashing.cpp" />
		<Unit filename="src/core/memory_channel.cpp" />
		<Unit filename="src/core/posix/console.cpp">
			<Option target="debug-unix-gcc-static" />
		</Unit>
		<Unit filename="src/core/posix/errorcheck.cpp">
			<Option target="debug-unix-gcc-static" />
		</Unit>
		<Unit filename="src/core/posix/files.cpp">
			<Option target="debug-unix-gcc-static" />
		</Unit>
		<Unit filename="src/core/posix/thread_pool.cpp">
			<Option target="debug-unix-gcc-static" />
		</Unit>
		<Unit filename="src/core/stringpool.cpp" />
		<Unit filename="src/core/win/console.cpp">
			<Option target="debug-win-gcc-static-x64" />
			<Option target="release-win-gcc-dll-x64" />
			<Option target="debug-win-clang-static-x64" />
			<Option target="release-win-clang-dll-x64" />
		</Unit>
		<Unit filename="src/core/win/errorcheck.cpp">
			<Option target="debug-win-gcc-static-x64" />
			<Option target="release-win-gcc-dll-x64" />
			<Option target="debug-win-clang-static-x64" />
			<Option target="release-win-clang-dll-x64" />
		</Unit>
		<Unit filename="src/core/win/files.cpp">
			<Option target="debug-win-gcc-static-x64" />
			<Option target="release-win-gcc-dll-x64" />
			<Option target="debug-win-clang-static-x64" />
			<Option target="release-win-clang-dll-x64" />
		</Unit>
		<Unit filename="src/core/win/memory_traits.cpp">
			<Option target="debug-win-gcc-static-x64" />
			<Option target="release-win-gcc-dll-x64" />
			<Option target="debug-win-clang-static-x64" />
			<Option target="release-win-clang-dll-x64" />
		</Unit>
		<Unit filename="src/core/win/shared_library.cpp">
			<Option target="debug-win-gcc-static-x64" />
			<Option target="release-win-gcc-dll-x64" />
			<Option target="debug-win-clang-static-x64" />
			<Option target="release-win-clang-dll-x64" />
		</Unit>
		<Unit filename="src/core/win/thread_pool.cpp">
			<Option target="debug-win-gcc-static-x64" />
			<Option target="release-win-gcc-dll-x64" />
			<Option target="debug-win-clang-static-x64" />
			<Option target="release-win-clang-dll-x64" />
		</Unit>
		<Unit filename="src/net/http_client.cpp" />
		<Unit filename="src/net/http_error.cpp" />
		<Unit filename="src/net/posix/io_context.cpp">
			<Option target="debug-unix-gcc-static" />
		</Unit>
		<Unit filename="src/net/posix/sockets.cpp">
			<Option target="debug-unix-gcc-static" />
		</Unit>
		<Unit filename="src/net/posix/synch_socket_channel.cpp">
			<Option target="debug-unix-gcc-static" />
		</Unit>
		<Unit filename="src/net/uri.cpp" />
		<Unit filename="src/net/win/asynch_socket_channel.cpp">
			<Option target="debug-win-gcc-static-x64" />
			<Option target="release-win-gcc-dll-x64" />
			<Option target="debug-win-clang-static-x64" />
			<Option target="release-win-clang-dll-x64" />
		</Unit>
		<Unit filename="src/net/win/io_context.cpp">
			<Option target="debug-win-gcc-static-x64" />
			<Option target="release-win-gcc-dll-x64" />
			<Option target="debug-win-clang-static-x64" />
			<Option target="release-win-clang-dll-x64" />
		</Unit>
		<Unit filename="src/net/win/sockets.cpp">
			<Option target="debug-win-gcc-static-x64" />
			<Option target="release-win-gcc-dll-x64" />
			<Option target="debug-win-clang-static-x64" />
			<Option target="release-win-clang-dll-x64" />
		</Unit>
		<Unit filename="src/net/win/synch_socket_channel.cpp">
			<Option target="debug-win-gcc-static-x64" />
			<Option target="release-win-gcc-dll-x64" />
			<Option target="debug-win-clang-static-x64" />
			<Option target="release-win-clang-dll-x64" />
		</Unit>
		<Unit filename="src/net/win/wsaerror.cpp">
			<Option target="debug-win-gcc-static-x64" />
			<Option target="release-win-gcc-dll-x64" />
			<Option target="debug-win-clang-static-x64" />
			<Option target="release-win-clang-dll-x64" />
		</Unit>
		<Unit filename="src/stdafx.cpp">
			<Option link="0" />
			<Option weight="1" />
			<Option target="debug-win-gcc-static-x64" />
			<Option target="debug-unix-gcc-static" />
		</Unit>
		<Unit filename="src/stdafx.hpp">
			<Option compile="1" />
			<Option weight="0" />
		</Unit>
		<Unit filename="src/textapi/charset_converter.cpp" />
		<Unit filename="src/textapi/charset_detector.cpp" />
		<Unit filename="src/textapi/charsets.cpp" />
		<Unit filename="src/textapi/unicode.cpp" />
		<Unit filename="src/tls/asynch_channel.cpp" />
		<Unit filename="src/tls/blocking_channel.cpp" />
		<Unit filename="src/tls/credentials.cpp" />
		<Unit filename="src/tls/security_context.cpp" />
		<Unit filename="src/tls/session.cpp" />
		<Unit filename="src/tls/tls_error.cpp" />
		<Unit filename="src/tls/transport.cpp" />
		<Unit filename="src/xml/event.cpp" />
		<Unit filename="src/xml/event_stream_parser.cpp" />
		<Unit filename="src/xml/event_writer.cpp" />
		<Unit filename="src/xml/reader.cpp" />
		<Unit filename="src/xml/source.cpp" />
		<Unit filename="src/xml/xml_error.cpp" />
		<Extensions>
			<DoxyBlocks>
				<comment_style block="1" line="0" />
				<doxyfile_project />
				<doxyfile_build />
				<doxyfile_warnings />
				<doxyfile_output />
				<doxyfile_dot />
				<general />
			</DoxyBlocks>
			<lib_finder disable_auto="1" />
		</Extensions>
	</Project>
</CodeBlocks_project_file>
